
Microsoft Visual Studio Solution File, Format Version 12.00
# Visual Studio Version 17
VisualStudioVersion = 17.0.31903.59
MinimumVisualStudioVersion = 10.0.40219.1
Project("{2150E333-8FDC-42A3-9474-1A3956D46DE8}") = "src", "src", "{827E0CD3-B72D-47B6-A68D-7590B98EB39B}"
EndProject
Project("{FAE04EC0-301F-11D3-BF4B-00C04F79EFBC}") = "iRacingCoach.App", "src\iRacingCoach.App\iRacingCoach.App.csproj", "{5D777FCE-43EA-48A1-8C1C-068AA91ADF75}"
EndProject
Project("{FAE04EC0-301F-11D3-BF4B-00C04F79EFBC}") = "iRacingCoach.Contracts", "src\iRacingCoach.Contracts\iRacingCoach.Contracts.csproj", "{15121957-B416-4440-8C67-8FD66917DF50}"
EndProject
Project("{FAE04EC0-301F-11D3-BF4B-00C04F79EFBC}") = "iRacingCoach.BackendClient", "src\iRacingCoach.BackendClient\iRacingCoach.BackendClient.csproj", "{5D7018FA-515B-42A8-A0A3-6C8EB965A19A}"
EndProject
Project("{FAE04EC0-301F-11D3-BF4B-00C04F79EFBC}") = "iRacingCoach.Coordinator", "src\iRacingCoach.Coordinator\iRacingCoach.Coordinator.csproj", "{FBE13A54-6B67-484B-B001-31448D9418AE}"
EndProject
Project("{FAE04EC0-301F-11D3-BF4B-00C04F79EFBC}") = "iRacingCoach.UI", "src\iRacingCoach.UI\iRacingCoach.UI.csproj", "{3D0342FF-CD50-4776-A7B4-30B7EFD865BD}"
EndProject
Project("{FAE04EC0-301F-11D3-BF4B-00C04F79EFBC}") = "iRacingCoach.Preview", "src\iRacingCoach.Preview\iRacingCoach.Preview.csproj", "{22AF4BC6-606F-4A13-8F3C-57919F5AE7B2}"
EndProject
Project("{FAE04EC0-301F-11D3-BF4B-00C04F79EFBC}") = "iRacingCoach.Installer", "src\iRacingCoach.Installer\iRacingCoach.Installer.csproj", "{4E5E11A1-39FC-4B68-B677-319218DA65F0}"
EndProject
Project("{FAE04EC0-301F-11D3-BF4B-00C04F79EFBC}") = "iRacingCoach.Uninstaller", "src\iRacingCoach.Uninstaller\iRacingCoach.Uninstaller.csproj", "{AD8C0F2B-AB60-4516-A682-B8D9053043D2}"
EndProject
Project("{2150E333-8FDC-42A3-9474-1A3956D46DE8}") = "tests", "tests", "{0AB3BF05-4346-4AA6-1389-037BE0695223}"
EndProject
Project("{FAE04EC0-301F-11D3-BF4B-00C04F79EFBC}") = "iRacingCoach.Tests", "tests\iRacingCoach.Tests\iRacingCoach.Tests.csproj", "{D2BD3905-FA1E-47B9-A5BE-DEC8EEEC01B0}"
EndProject
Project("{FAE04EC0-301F-11D3-BF4B-00C04F79EFBC}") = "iRacingCoach.Telemetry", "src\iRacingCoach.Telemetry\iRacingCoach.Telemetry.csproj", "{821557EA-BCD9-41B8-850F-465B0BA864E0}"
EndProject
Global
	GlobalSection(SolutionConfigurationPlatforms) = preSolution
		Debug|Any CPU = Debug|Any CPU
		Debug|x64 = Debug|x64
		Debug|x86 = Debug|x86
		Release|Any CPU = Release|Any CPU
		Release|x64 = Release|x64
		Release|x86 = Release|x86
	EndGlobalSection
	GlobalSection(ProjectConfigurationPlatforms) = postSolution
		{5D777FCE-43EA-48A1-8C1C-068AA91ADF75}.Debug|Any CPU.ActiveCfg = Debug|Any CPU
		{5D777FCE-43EA-48A1-8C1C-068AA91ADF75}.Debug|Any CPU.Build.0 = Debug|Any CPU
		{5D777FCE-43EA-48A1-8C1C-068AA91ADF75}.Debug|x64.ActiveCfg = Debug|Any CPU
		{5D777FCE-43EA-48A1-8C1C-068AA91ADF75}.Debug|x64.Build.0 = Debug|Any CPU
		{5D777FCE-43EA-48A1-8C1C-068AA91ADF75}.Debug|x86.ActiveCfg = Debug|Any CPU
		{5D777FCE-43EA-48A1-8C1C-068AA91ADF75}.Debug|x86.Build.0 = Debug|Any CPU
		{5D777FCE-43EA-48A1-8C1C-068AA91ADF75}.Release|Any CPU.ActiveCfg = Release|Any CPU
		{5D777FCE-43EA-48A1-8C1C-068AA91ADF75}.Release|Any CPU.Build.0 = Release|Any CPU
		{5D777FCE-43EA-48A1-8C1C-068AA91ADF75}.Release|x64.ActiveCfg = Release|Any CPU
		{5D777FCE-43EA-48A1-8C1C-068AA91ADF75}.Release|x64.Build.0 = Release|Any CPU
		{5D777FCE-43EA-48A1-8C1C-068AA91ADF75}.Release|x86.ActiveCfg = Release|Any CPU
		{5D777FCE-43EA-48A1-8C1C-068AA91ADF75}.Release|x86.Build.0 = Release|Any CPU
		{15121957-B416-4440-8C67-8FD66917DF50}.Debug|Any CPU.ActiveCfg = Debug|Any CPU
		{15121957-B416-4440-8C67-8FD66917DF50}.Debug|Any CPU.Build.0 = Debug|Any CPU
		{15121957-B416-4440-8C67-8FD66917DF50}.Debug|x64.ActiveCfg = Debug|Any CPU
		{15121957-B416-4440-8C67-8FD66917DF50}.Debug|x64.Build.0 = Debug|Any CPU
		{15121957-B416-4440-8C67-8FD66917DF50}.Debug|x86.ActiveCfg = Debug|Any CPU
		{15121957-B416-4440-8C67-8FD66917DF50}.Debug|x86.Build.0 = Debug|Any CPU
		{15121957-B416-4440-8C67-8FD66917DF50}.Release|Any CPU.ActiveCfg = Release|Any CPU
		{15121957-B416-4440-8C67-8FD66917DF50}.Release|Any CPU.Build.0 = Release|Any CPU
		{15121957-B416-4440-8C67-8FD66917DF50}.Release|x64.ActiveCfg = Release|Any CPU
		{15121957-B416-4440-8C67-8FD66917DF50}.Release|x64.Build.0 = Release|Any CPU
		{15121957-B416-4440-8C67-8FD66917DF50}.Release|x86.ActiveCfg = Release|Any CPU
		{15121957-B416-4440-8C67-8FD66917DF50}.Release|x86.Build.0 = Release|Any CPU
		{5D7018FA-515B-42A8-A0A3-6C8EB965A19A}.Debug|Any CPU.ActiveCfg = Debug|Any CPU
		{5D7018FA-515B-42A8-A0A3-6C8EB965A19A}.Debug|Any CPU.Build.0 = Debug|Any CPU
		{5D7018FA-515B-42A8-A0A3-6C8EB965A19A}.Debug|x64.ActiveCfg = Debug|Any CPU
		{5D7018FA-515B-42A8-A0A3-6C8EB965A19A}.Debug|x64.Build.0 = Debug|Any CPU
		{5D7018FA-515B-42A8-A0A3-6C8EB965A19A}.Debug|x86.ActiveCfg = Debug|Any CPU
		{5D7018FA-515B-42A8-A0A3-6C8EB965A19A}.Debug|x86.Build.0 = Debug|Any CPU
		{5D7018FA-515B-42A8-A0A3-6C8EB965A19A}.Release|Any CPU.ActiveCfg = Release|Any CPU
		{5D7018FA-515B-42A8-A0A3-6C8EB965A19A}.Release|Any CPU.Build.0 = Release|Any CPU
		{5D7018FA-515B-42A8-A0A3-6C8EB965A19A}.Release|x64.ActiveCfg = Release|Any CPU
		{5D7018FA-515B-42A8-A0A3-6C8EB965A19A}.Release|x64.Build.0 = Release|Any CPU
		{5D7018FA-515B-42A8-A0A3-6C8EB965A19A}.Release|x86.ActiveCfg = Release|Any CPU
		{5D7018FA-515B-42A8-A0A3-6C8EB965A19A}.Release|x86.Build.0 = Release|Any CPU
		{FBE13A54-6B67-484B-B001-31448D9418AE}.Debug|Any CPU.ActiveCfg = Debug|Any CPU
		{FBE13A54-6B67-484B-B001-31448D9418AE}.Debug|Any CPU.Build.0 = Debug|Any CPU
		{FBE13A54-6B67-484B-B001-31448D9418AE}.Debug|x64.ActiveCfg = Debug|Any CPU
		{FBE13A54-6B67-484B-B001-31448D9418AE}.Debug|x64.Build.0 = Debug|Any CPU
		{FBE13A54-6B67-484B-B001-31448D9418AE}.Debug|x86.ActiveCfg = Debug|Any CPU
		{FBE13A54-6B67-484B-B001-31448D9418AE}.Debug|x86.Build.0 = Debug|Any CPU
		{FBE13A54-6B67-484B-B001-31448D9418AE}.Release|Any CPU.ActiveCfg = Release|Any CPU
		{FBE13A54-6B67-484B-B001-31448D9418AE}.Release|Any CPU.Build.0 = Release|Any CPU
		{FBE13A54-6B67-484B-B001-31448D9418AE}.Release|x64.ActiveCfg = Release|Any CPU
		{FBE13A54-6B67-484B-B001-31448D9418AE}.Release|x64.Build.0 = Release|Any CPU
		{FBE13A54-6B67-484B-B001-31448D9418AE}.Release|x86.ActiveCfg = Release|Any CPU
		{FBE13A54-6B67-484B-B001-31448D9418AE}.Release|x86.Build.0 = Release|Any CPU
		{3D0342FF-CD50-4776-A7B4-30B7EFD865BD}.Debug|Any CPU.ActiveCfg = Debug|Any CPU
		{3D0342FF-CD50-4776-A7B4-30B7EFD865BD}.Debug|Any CPU.Build.0 = Debug|Any CPU
		{3D0342FF-CD50-4776-A7B4-30B7EFD865BD}.Debug|x64.ActiveCfg = Debug|Any CPU
		{3D0342FF-CD50-4776-A7B4-30B7EFD865BD}.Debug|x64.Build.0 = Debug|Any CPU
		{3D0342FF-CD50-4776-A7B4-30B7EFD865BD}.Debug|x86.ActiveCfg = Debug|Any CPU
		{3D0342FF-CD50-4776-A7B4-30B7EFD865BD}.Debug|x86.Build.0 = Debug|Any CPU
		{3D0342FF-CD50-4776-A7B4-30B7EFD865BD}.Release|Any CPU.ActiveCfg = Release|Any CPU
		{3D0342FF-CD50-4776-A7B4-30B7EFD865BD}.Release|Any CPU.Build.0 = Release|Any CPU
		{3D0342FF-CD50-4776-A7B4-30B7EFD865BD}.Release|x64.ActiveCfg = Release|Any CPU
		{3D0342FF-CD50-4776-A7B4-30B7EFD865BD}.Release|x64.Build.0 = Release|Any CPU
		{3D0342FF-CD50-4776-A7B4-30B7EFD865BD}.Release|x86.ActiveCfg = Release|Any CPU
		{3D0342FF-CD50-4776-A7B4-30B7EFD865BD}.Release|x86.Build.0 = Release|Any CPU
		{22AF4BC6-606F-4A13-8F3C-57919F5AE7B2}.Debug|Any CPU.ActiveCfg = Debug|Any CPU
		{22AF4BC6-606F-4A13-8F3C-57919F5AE7B2}.Debug|Any CPU.Build.0 = Debug|Any CPU
		{22AF4BC6-606F-4A13-8F3C-57919F5AE7B2}.Debug|x64.ActiveCfg = Debug|Any CPU
		{22AF4BC6-606F-4A13-8F3C-57919F5AE7B2}.Debug|x64.Build.0 = Debug|Any CPU
		{22AF4BC6-606F-4A13-8F3C-57919F5AE7B2}.Debug|x86.ActiveCfg = Debug|Any CPU
		{22AF4BC6-606F-4A13-8F3C-57919F5AE7B2}.Debug|x86.Build.0 = Debug|Any CPU
		{22AF4BC6-606F-4A13-8F3C-57919F5AE7B2}.Release|Any CPU.ActiveCfg = Release|Any CPU
		{22AF4BC6-606F-4A13-8F3C-57919F5AE7B2}.Release|Any CPU.Build.0 = Release|Any CPU
		{22AF4BC6-606F-4A13-8F3C-57919F5AE7B2}.Release|x64.ActiveCfg = Release|Any CPU
		{22AF4BC6-606F-4A13-8F3C-57919F5AE7B2}.Release|x64.Build.0 = Release|Any CPU
		{22AF4BC6-606F-4A13-8F3C-57919F5AE7B2}.Release|x86.ActiveCfg = Release|Any CPU
		{22AF4BC6-606F-4A13-8F3C-57919F5AE7B2}.Release|x86.Build.0 = Release|Any CPU
		{4E5E11A1-39FC-4B68-B677-319218DA65F0}.Debug|Any CPU.ActiveCfg = Debug|Any CPU
		{4E5E11A1-39FC-4B68-B677-319218DA65F0}.Debug|Any CPU.Build.0 = Debug|Any CPU
		{4E5E11A1-39FC-4B68-B677-319218DA65F0}.Debug|x64.ActiveCfg = Debug|Any CPU
		{4E5E11A1-39FC-4B68-B677-319218DA65F0}.Debug|x64.Build.0 = Debug|Any CPU
		{4E5E11A1-39FC-4B68-B677-319218DA65F0}.Debug|x86.ActiveCfg = Debug|Any CPU
		{4E5E11A1-39FC-4B68-B677-319218DA65F0}.Debug|x86.Build.0 = Debug|Any CPU
		{4E5E11A1-39FC-4B68-B677-319218DA65F0}.Release|Any CPU.ActiveCfg = Release|Any CPU
		{4E5E11A1-39FC-4B68-B677-319218DA65F0}.Release|Any CPU.Build.0 = Release|Any CPU
		{4E5E11A1-39FC-4B68-B677-319218DA65F0}.Release|x64.ActiveCfg = Release|Any CPU
		{4E5E11A1-39FC-4B68-B677-319218DA65F0}.Release|x64.Build.0 = Release|Any CPU
		{4E5E11A1-39FC-4B68-B677-319218DA65F0}.Release|x86.ActiveCfg = Release|Any CPU
		{4E5E11A1-39FC-4B68-B677-319218DA65F0}.Release|x86.Build.0 = Release|Any CPU
		{AD8C0F2B-AB60-4516-A682-B8D9053043D2}.Debug|Any CPU.ActiveCfg = Debug|Any CPU
		{AD8C0F2B-AB60-4516-A682-B8D9053043D2}.Debug|Any CPU.Build.0 = Debug|Any CPU
		{AD8C0F2B-AB60-4516-A682-B8D9053043D2}.Debug|x64.ActiveCfg = Debug|Any CPU
		{AD8C0F2B-AB60-4516-A682-B8D9053043D2}.Debug|x64.Build.0 = Debug|Any CPU
		{AD8C0F2B-AB60-4516-A682-B8D9053043D2}.Debug|x86.ActiveCfg = Debug|Any CPU
		{AD8C0F2B-AB60-4516-A682-B8D9053043D2}.Debug|x86.Build.0 = Debug|Any CPU
		{AD8C0F2B-AB60-4516-A682-B8D9053043D2}.Release|Any CPU.ActiveCfg = Release|Any CPU
		{AD8C0F2B-AB60-4516-A682-B8D9053043D2}.Release|Any CPU.Build.0 = Release|Any CPU
		{AD8C0F2B-AB60-4516-A682-B8D9053043D2}.Release|x64.ActiveCfg = Release|Any CPU
		{AD8C0F2B-AB60-4516-A682-B8D9053043D2}.Release|x64.Build.0 = Release|Any CPU
		{AD8C0F2B-AB60-4516-A682-B8D9053043D2}.Release|x86.ActiveCfg = Release|Any CPU
		{AD8C0F2B-AB60-4516-A682-B8D9053043D2}.Release|x86.Build.0 = Release|Any CPU
		{D2BD3905-FA1E-47B9-A5BE-DEC8EEEC01B0}.Debug|Any CPU.ActiveCfg = Debug|Any CPU
		{D2BD3905-FA1E-47B9-A5BE-DEC8EEEC01B0}.Debug|Any CPU.Build.0 = Debug|Any CPU
		{D2BD3905-FA1E-47B9-A5BE-DEC8EEEC01B0}.Debug|x64.ActiveCfg = Debug|Any CPU
		{D2BD3905-FA1E-47B9-A5BE-DEC8EEEC01B0}.Debug|x64.Build.0 = Debug|Any CPU
		{D2BD3905-FA1E-47B9-A5BE-DEC8EEEC01B0}.Debug|x86.ActiveCfg = Debug|Any CPU
		{D2BD3905-FA1E-47B9-A5BE-DEC8EEEC01B0}.Debug|x86.Build.0 = Debug|Any CPU
		{D2BD3905-FA1E-47B9-A5BE-DEC8EEEC01B0}.Release|Any CPU.ActiveCfg = Release|Any CPU
		{D2BD3905-FA1E-47B9-A5BE-DEC8EEEC01B0}.Release|Any CPU.Build.0 = Release|Any CPU
		{D2BD3905-FA1E-47B9-A5BE-DEC8EEEC01B0}.Release|x64.ActiveCfg = Release|Any CPU
		{D2BD3905-FA1E-47B9-A5BE-DEC8EEEC01B0}.Release|x64.Build.0 = Release|Any CPU
		{D2BD3905-FA1E-47B9-A5BE-DEC8EEEC01B0}.Release|x86.ActiveCfg = Release|Any CPU
		{D2BD3905-FA1E-47B9-A5BE-DEC8EEEC01B0}.Release|x86.Build.0 = Release|Any CPU
		{821557EA-BCD9-41B8-850F-465B0BA864E0}.Debug|Any CPU.ActiveCfg = Debug|Any CPU
		{821557EA-BCD9-41B8-850F-465B0BA864E0}.Debug|Any CPU.Build.0 = Debug|Any CPU
		{821557EA-BCD9-41B8-850F-465B0BA864E0}.Debug|x64.ActiveCfg = Debug|Any CPU
		{821557EA-BCD9-41B8-850F-465B0BA864E0}.Debug|x64.Build.0 = Debug|Any CPU
		{821557EA-BCD9-41B8-850F-465B0BA864E0}.Debug|x86.ActiveCfg = Debug|Any CPU
		{821557EA-BCD9-41B8-850F-465B0BA864E0}.Debug|x86.Build.0 = Debug|Any CPU
		{821557EA-BCD9-41B8-850F-465B0BA864E0}.Release|Any CPU.ActiveCfg = Release|Any CPU
		{821557EA-BCD9-41B8-850F-465B0BA864E0}.Release|Any CPU.Build.0 = Release|Any CPU
		{821557EA-BCD9-41B8-850F-465B0BA864E0}.Release|x64.ActiveCfg = Release|Any CPU
		{821557EA-BCD9-41B8-850F-465B0BA864E0}.Release|x64.Build.0 = Release|Any CPU
		{821557EA-BCD9-41B8-850F-465B0BA864E0}.Release|x86.ActiveCfg = Release|Any CPU
		{821557EA-BCD9-41B8-850F-465B0BA864E0}.Release|x86.Build.0 = Release|Any CPU
	EndGlobalSection
	GlobalSection(SolutionProperties) = preSolution
		HideSolutionNode = FALSE
	EndGlobalSection
	GlobalSection(NestedProjects) = preSolution
		{5D777FCE-43EA-48A1-8C1C-068AA91ADF75} = {827E0CD3-B72D-47B6-A68D-7590B98EB39B}
		{15121957-B416-4440-8C67-8FD66917DF50} = {827E0CD3-B72D-47B6-A68D-7590B98EB39B}
		{5D7018FA-515B-42A8-A0A3-6C8EB965A19A} = {827E0CD3-B72D-47B6-A68D-7590B98EB39B}
		{FBE13A54-6B67-484B-B001-31448D9418AE} = {827E0CD3-B72D-47B6-A68D-7590B98EB39B}
		{3D0342FF-CD50-4776-A7B4-30B7EFD865BD} = {827E0CD3-B72D-47B6-A68D-7590B98EB39B}
		{22AF4BC6-606F-4A13-8F3C-57919F5AE7B2} = {827E0CD3-B72D-47B6-A68D-7590B98EB39B}
		{4E5E11A1-39FC-4B68-B677-319218DA65F0} = {827E0CD3-B72D-47B6-A68D-7590B98EB39B}
		{AD8C0F2B-AB60-4516-A682-B8D9053043D2} = {827E0CD3-B72D-47B6-A68D-7590B98EB39B}
		{D2BD3905-FA1E-47B9-A5BE-DEC8EEEC01B0} = {0AB3BF05-4346-4AA6-1389-037BE0695223}
		{821557EA-BCD9-41B8-850F-465B0BA864E0} = {827E0CD3-B72D-47B6-A68D-7590B98EB39B}
	EndGlobalSection
EndGlobal
